// !$*UTF8*$!
{
	archiveVersion = 1;
	classes = {
	};
	objectVersion = 46;
	objects = {

/* Begin PBXBuildFile section */
		1A1DFE791AF2665100F91981 /* Proj_1_IO.cpp in Sources */ = {isa = PBXBuildFile; fileRef = 1A1DFE771AF2665100F91981 /* Proj_1_IO.cpp */; };
		1AC4D0351AF0239200C6D616 /* main.cpp in Sources */ = {isa = PBXBuildFile; fileRef = 1AC4D0341AF0239200C6D616 /* main.cpp */; };
		1AC4D0401AF037E700C6D616 /* Node.cpp in Sources */ = {isa = PBXBuildFile; fileRef = 1AC4D03F1AF037E700C6D616 /* Node.cpp */; };
		1AC4D0421AF0751F00C6D616 /* DijkstraNode.cpp in Sources */ = {isa = PBXBuildFile; fileRef = 1AC4D0411AF0751F00C6D616 /* DijkstraNode.cpp */; };
		1AC4D0441AF0FBCD00C6D616 /* Graph.cpp in Sources */ = {isa = PBXBuildFile; fileRef = 1AC4D0431AF0FBCD00C6D616 /* Graph.cpp */; };
		1AC4D0461AF0FF2300C6D616 /* DijkstraGraph.cpp in Sources */ = {isa = PBXBuildFile; fileRef = 1AC4D0451AF0FF2300C6D616 /* DijkstraGraph.cpp */; };
/* End PBXBuildFile section */

/* Begin PBXCopyFilesBuildPhase section */
		1AC4D02F1AF0239200C6D616 /* CopyFiles */ = {
			isa = PBXCopyFilesBuildPhase;
			buildActionMask = 2147483647;
			dstPath = /usr/share/man/man1/;
			dstSubfolderSpec = 0;
			files = (
			);
			runOnlyForDeploymentPostprocessing = 1;
		};
/* End PBXCopyFilesBuildPhase section */

/* Begin PBXFileReference section */
		1A1DFE771AF2665100F91981 /* Proj_1_IO.cpp */ = {isa = PBXFileReference; fileEncoding = 4; lastKnownFileType = sourcecode.cpp.cpp; path = Proj_1_IO.cpp; sourceTree = "<group>"; };
		1A1DFE781AF2665100F91981 /* Proj_1_IO.h */ = {isa = PBXFileReference; fileEncoding = 4; lastKnownFileType = sourcecode.c.h; path = Proj_1_IO.h; sourceTree = "<group>"; };
		1A38E9C81AF2AD7F009D9E30 /* input.txt */ = {isa = PBXFileReference; fileEncoding = 4; lastKnownFileType = text; path = input.txt; sourceTree = "<group>"; };
		1A38E9C91AF2AD7F009D9E30 /* TemplateIcon2x.png */ = {isa = PBXFileReference; lastKnownFileType = image.png; path = TemplateIcon2x.png; sourceTree = "<group>"; };
		1AC4D0311AF0239200C6D616 /* cmsc481proj1 */ = {isa = PBXFileReference; explicitFileType = "compiled.mach-o.executable"; includeInIndex = 0; path = cmsc481proj1; sourceTree = BUILT_PRODUCTS_DIR; };
		1AC4D0341AF0239200C6D616 /* main.cpp */ = {isa = PBXFileReference; lastKnownFileType = sourcecode.cpp.cpp; path = main.cpp; sourceTree = "<group>"; };
		1AC4D03B1AF0274D00C6D616 /* Graph.h */ = {isa = PBXFileReference; lastKnownFileType = sourcecode.c.h; path = Graph.h; sourceTree = "<group>"; };
		1AC4D03C1AF027CD00C6D616 /* Node.h */ = {isa = PBXFileReference; lastKnownFileType = sourcecode.c.h; path = Node.h; sourceTree = "<group>"; };
		1AC4D03D1AF0343F00C6D616 /* DijkstraNode.h */ = {isa = PBXFileReference; lastKnownFileType = sourcecode.c.h; path = DijkstraNode.h; sourceTree = "<group>"; };
		1AC4D03E1AF0376300C6D616 /* DijkstraGraph.h */ = {isa = PBXFileReference; lastKnownFileType = sourcecode.c.h; path = DijkstraGraph.h; sourceTree = "<group>"; };
		1AC4D03F1AF037E700C6D616 /* Node.cpp */ = {isa = PBXFileReference; fileEncoding = 4; lastKnownFileType = sourcecode.cpp.cpp; path = Node.cpp; sourceTree = "<group>"; };
		1AC4D0411AF0751F00C6D616 /* DijkstraNode.cpp */ = {isa = PBXFileReference; fileEncoding = 4; lastKnownFileType = sourcecode.cpp.cpp; path = DijkstraNode.cpp; sourceTree = "<group>"; };
		1AC4D0431AF0FBCD00C6D616 /* Graph.cpp */ = {isa = PBXFileReference; fileEncoding = 4; lastKnownFileType = sourcecode.cpp.cpp; path = Graph.cpp; sourceTree = "<group>"; };
		1AC4D0451AF0FF2300C6D616 /* DijkstraGraph.cpp */ = {isa = PBXFileReference; fileEncoding = 4; lastKnownFileType = sourcecode.cpp.cpp; path = DijkstraGraph.cpp; sourceTree = "<group>"; };
/* End PBXFileReference section */

/* Begin PBXFrameworksBuildPhase section */
		1AC4D02E1AF0239200C6D616 /* Frameworks */ = {
			isa = PBXFrameworksBuildPhase;
			buildActionMask = 2147483647;
			files = (
			);
			runOnlyForDeploymentPostprocessing = 0;
		};
/* End PBXFrameworksBuildPhase section */

/* Begin PBXGroup section */
		1AC4D0281AF0239200C6D616 = {
			isa = PBXGroup;
			children = (
				1AC4D0331AF0239200C6D616 /* cmsc481proj1 */,
				1AC4D0321AF0239200C6D616 /* Products */,
			);
			sourceTree = "<group>";
		};
		1AC4D0321AF0239200C6D616 /* Products */ = {
			isa = PBXGroup;
			children = (
				1AC4D0311AF0239200C6D616 /* cmsc481proj1 */,
			);
			name = Products;
			sourceTree = "<group>";
		};
		1AC4D0331AF0239200C6D616 /* cmsc481proj1 */ = {
			isa = PBXGroup;
			children = (
				1AC4D0341AF0239200C6D616 /* main.cpp */,
				1AC4D03E1AF0376300C6D616 /* DijkstraGraph.h */,
				1AC4D0451AF0FF2300C6D616 /* DijkstraGraph.cpp */,
				1A1DFE771AF2665100F91981 /* Proj_1_IO.cpp */,
				1A1DFE781AF2665100F91981 /* Proj_1_IO.h */,
				1A38E9C81AF2AD7F009D9E30 /* input.txt */,
				1A38E9C91AF2AD7F009D9E30 /* TemplateIcon2x.png */,
				1AC4D03F1AF037E700C6D616 /* Node.cpp */,
				1AC4D03B1AF0274D00C6D616 /* Graph.h */,
				1AC4D0431AF0FBCD00C6D616 /* Graph.cpp */,
				1AC4D03C1AF027CD00C6D616 /* Node.h */,
				1AC4D03D1AF0343F00C6D616 /* DijkstraNode.h */,
				1AC4D0411AF0751F00C6D616 /* DijkstraNode.cpp */,
			);
			path = cmsc481proj1;
			sourceTree = "<group>";
		};
/* End PBXGroup section */

/* Begin PBXNativeTarget section */
		1AC4D0301AF0239200C6D616 /* cmsc481proj1 */ = {
			isa = PBXNativeTarget;
			buildConfigurationList = 1AC4D0381AF0239200C6D616 /* Build configuration list for PBXNativeTarget "cmsc481proj1" */;
			buildPhases = (
				1AC4D02D1AF0239200C6D616 /* Sources */,
				1AC4D02E1AF0239200C6D616 /* Frameworks */,
				1AC4D02F1AF0239200C6D616 /* CopyFiles */,
			);
			buildRules = (
			);
			dependencies = (
			);
			name = cmsc481proj1;
			productName = cmsc481proj1;
			productReference = 1AC4D0311AF0239200C6D616 /* cmsc481proj1 */;
			productType = "com.apple.product-type.tool";
		};
/* End PBXNativeTarget section */

/* Begin PBXProject section */
		1AC4D0291AF0239200C6D616 /* Project object */ = {
			isa = PBXProject;
			attributes = {
				LastUpgradeCheck = 0600;
				ORGANIZATIONNAME = "Andrew Huber";
				TargetAttributes = {
					1AC4D0301AF0239200C6D616 = {
						CreatedOnToolsVersion = 6.0;
					};
				};
			};
			buildConfigurationList = 1AC4D02C1AF0239200C6D616 /* Build configuration list for PBXProject "cmsc481proj1" */;
			compatibilityVersion = "Xcode 3.2";
			developmentRegion = English;
			hasScannedForEncodings = 0;
			knownRegions = (
				en,
			);
			mainGroup = 1AC4D0281AF0239200C6D616;
			productRefGroup = 1AC4D0321AF0239200C6D616 /* Products */;
			projectDirPath = "";
			projectRoot = "";
			targets = (
				1AC4D0301AF0239200C6D616 /* cmsc481proj1 */,
			);
		};
/* End PBXProject section */

/* Begin PBXSourcesBuildPhase section */
		1AC4D02D1AF0239200C6D616 /* Sources */ = {
			isa = PBXSourcesBuildPhase;
			buildActionMask = 2147483647;
			files = (
				1A1DFE791AF2665100F91981 /* Proj_1_IO.cpp in Sources */,
				1AC4D0461AF0FF2300C6D616 /* DijkstraGraph.cpp in Sources */,
				1AC4D0441AF0FBCD00C6D616 /* Graph.cpp in Sources */,
				1AC4D0351AF0239200C6D616 /* main.cpp in Sources */,
				1AC4D0421AF0751F00C6D616 /* DijkstraNode.cpp in Sources */,
				1AC4D0401AF037E700C6D616 /* Node.cpp in Sources */,
			);
			runOnlyForDeploymentPostprocessing = 0;
		};
/* End PBXSourcesBuildPhase section */

/* Begin XCBuildConfiguration section */
		1AC4D0361AF0239200C6D616 /* Debug */ = {
			isa = XCBuildConfiguration;
			buildSettings = {
				ALWAYS_SEARCH_USER_PATHS = NO;
				CLANG_CXX_LANGUAGE_STANDARD = "gnu++0x";
				CLANG_CXX_LIBRARY = "libc++";
				CLANG_ENABLE_MODULES = YES;
				CLANG_ENABLE_OBJC_ARC = YES;
				CLANG_WARN_BOOL_CONVERSION = YES;
				CLANG_WARN_CONSTANT_CONVERSION = YES;
				CLANG_WARN_DIRECT_OBJC_ISA_USAGE = YES_ERROR;
				CLANG_WARN_EMPTY_BODY = YES;
				CLANG_WARN_ENUM_CONVERSION = YES;
				CLANG_WARN_INT_CONVERSION = YES;
				CLANG_WARN_OBJC_ROOT_CLASS = YES_ERROR;
				CLANG_WARN_UNREACHABLE_CODE = YES;
				CLANG_WARN__DUPLICATE_METHOD_MATCH = YES;
				COPY_PHASE_STRIP = NO;
				ENABLE_STRICT_OBJC_MSGSEND = YES;
				GCC_C_LANGUAGE_STANDARD = gnu99;
				GCC_DYNAMIC_NO_PIC = NO;
				GCC_OPTIMIZATION_LEVEL = 0;
				GCC_PREPROCESSOR_DEFINITIONS = (
					"DEBUG=1",
					"$(inherited)",
				);
				GCC_SYMBOLS_PRIVATE_EXTERN = NO;
				GCC_WARN_64_TO_32_BIT_CONVERSION = YES;
				GCC_WARN_ABOUT_RETURN_TYPE = YES_ERROR;
				GCC_WARN_UNDECLARED_SELECTOR = YES;
				GCC_WARN_UNINITIALIZED_AUTOS = YES_AGGRESSIVE;
				GCC_WARN_UNUSED_FUNCTION = YES;
				GCC_WARN_UNUSED_VARIABLE = YES;
				MACOSX_DEPLOYMENT_TARGET = 10.10;
				MTL_ENABLE_DEBUG_INFO = YES;
				ONLY_ACTIVE_ARCH = YES;
				SDKROOT = macosx;
			};
			name = Debug;
		};
		1AC4D0371AF0239200C6D616 /* Release */ = {
			isa = XCBuildConfiguration;
			buildSettings = {
				ALWAYS_SEARCH_USER_PATHS = NO;
				CLANG_CXX_LANGUAGE_STANDARD = "gnu++0x";
				CLANG_CXX_LIBRARY = "libc++";
				CLANG_ENABLE_MODULES = YES;
				CLANG_ENABLE_OBJC_ARC = YES;
				CLANG_WARN_BOOL_CONVERSION = YES;
				CLANG_WARN_CONSTANT_CONVERSION = YES;
				CLANG_WARN_DIRECT_OBJC_ISA_USAGE = YES_ERROR;
				CLANG_WARN_EMPTY_BODY = YES;
				CLANG_WARN_ENUM_CONVERSION = YES;
				CLANG_WARN_INT_CONVERSION = YES;
				CLANG_WARN_OBJC_ROOT_CLASS = YES_ERROR;
				CLANG_WARN_UNREACHABLE_CODE = YES;
				CLANG_WARN__DUPLICATE_METHOD_MATCH = YES;
				COPY_PHASE_STRIP = YES;
				DEBUG_INFORMATION_FORMAT = "dwarf-with-dsym";
				ENABLE_NS_ASSERTIONS = NO;
				ENABLE_STRICT_OBJC_MSGSEND = YES;
				GCC_C_LANGUAGE_STANDARD = gnu99;
				GCC_WARN_64_TO_32_BIT_CONVERSION = YES;
				GCC_WARN_ABOUT_RETURN_TYPE = YES_ERROR;
				GCC_WARN_UNDECLARED_SELECTOR = YES;
				GCC_WARN_UNINITIALIZED_AUTOS = YES_AGGRESSIVE;
				GCC_WARN_UNUSED_FUNCTION = YES;
				GCC_WARN_UNUSED_VARIABLE = YES;
				MACOSX_DEPLOYMENT_TARGET = 10.10;
				MTL_ENABLE_DEBUG_INFO = NO;
				SDKROOT = macosx;
			};
			name = Release;
		};
		1AC4D0391AF0239200C6D616 /* Debug */ = {
			isa = XCBuildConfiguration;
			buildSettings = {
				PRODUCT_NAME = "$(TARGET_NAME)";
			};
			name = Debug;
		};
		1AC4D03A1AF0239200C6D616 /* Release */ = {
			isa = XCBuildConfiguration;
			buildSettings = {
				PRODUCT_NAME = "$(TARGET_NAME)";
			};
			name = Release;
		};
/* End XCBuildConfiguration section */

/* Begin XCConfigurationList section */
		1AC4D02C1AF0239200C6D616 /* Build configuration list for PBXProject "cmsc481proj1" */ = {
			isa = XCConfigurationList;
			buildConfigurations = (
				1AC4D0361AF0239200C6D616 /* Debug */,
				1AC4D0371AF0239200C6D616 /* Release */,
			);
			defaultConfigurationIsVisible = 0;
			defaultConfigurationName = Release;
		};
		1AC4D0381AF0239200C6D616 /* Build configuration list for PBXNativeTarget "cmsc481proj1" */ = {
			isa = XCConfigurationList;
			buildConfigurations = (
				1AC4D0391AF0239200C6D616 /* Debug */,
				1AC4D03A1AF0239200C6D616 /* Release */,
			);
			defaultConfigurationIsVisible = 0;
			defaultConfigurationName = Release;
		};
/* End XCConfigurationList section */
	};
	rootObject = 1AC4D0291AF0239200C6D616 /* Project object */;
}
